# This file was autogenerated by Stack.
# You should not edit this file by hand.
# For more information, please see the documentation at:
#   https://docs.haskellstack.org/en/stable/lock_files

packages:
- completed:
    name: process-composition
    pantry-tree:
      sha256: 29f552dea2f7cf65c0c227a55f793bd02d2032c2e83bb78162b8891eb8a471d0
      size: 1304
    sha256: 852aea176642e78f335c696660349c2817cb43846fe18a1a5a3d5c77fc357365
    size: 13962
    subdir: haskell/isabelle
    url: https://github.com/pilif0/codegen-ProcessComposition/archive/7aebf03417265108137a8e97b1f65dbc42dce92e.tar.gz
    version: 0.1.0.0
  original:
    subdir: haskell/isabelle
    url: https://github.com/pilif0/codegen-ProcessComposition/archive/7aebf03417265108137a8e97b1f65dbc42dce92e.tar.gz
snapshots:
- completed:
    sha256: 08bd13ce621b41a8f5e51456b38d5b46d7783ce114a50ab604d6bbab0d002146
    size: 720271
    url: https://raw.githubusercontent.com/commercialhaskell/stackage-snapshots/master/lts/22/43.yaml
  original: lts-22.43
