# This file was autogenerated by Stack.
# You should not edit this file by hand.
# For more information, please see the documentation at:
#   https://docs.haskellstack.org/en/stable/lock_files

packages:
- completed:
    name: process-composition
    pantry-tree:
      sha256: dca6878831370829d2cf41825af4ef486b7b442e8fc9ecf086c6b8195e78804f
      size: 1792
    sha256: 9af5f39198f10adb0aecc71bd159325d06ced9198614fa494c005a5ea23a5264
    size: 24283
    subdir: haskell/isabelle
    url: https://github.com/pilif0/codegen-ProcessComposition/archive/85599301d7401e382dccc9933b0fc8d6ae8e4643.tar.gz
    version: 0.1.0.0
  original:
    subdir: haskell/isabelle
    url: https://github.com/pilif0/codegen-ProcessComposition/archive/85599301d7401e382dccc9933b0fc8d6ae8e4643.tar.gz
snapshots:
- completed:
    sha256: 08bd13ce621b41a8f5e51456b38d5b46d7783ce114a50ab604d6bbab0d002146
    size: 720271
    url: https://raw.githubusercontent.com/commercialhaskell/stackage-snapshots/master/lts/22/43.yaml
  original: lts-22.43
